// !$*UTF8*$!
{
	archiveVersion = 1;
	classes = {
	};
	objectVersion = 55;
	objects = {

/* Begin PBXBuildFile section */
		FABCEBC1297864E8002E92A0 /* gori.mp3 in Resources */ = {isa = PBXBuildFile; fileRef = FABCEBC0297864E8002E92A0 /* gori.mp3 */; };
		FABCEBC329788068002E92A0 /* dymd.mp3 in Resources */ = {isa = PBXBuildFile; fileRef = FABCEBC229788068002E92A0 /* dymd.mp3 */; };
		FABCEBC529788095002E92A0 /* newYear.mp3 in Resources */ = {isa = PBXBuildFile; fileRef = FABCEBC429788095002E92A0 /* newYear.mp3 */; };
		FABCEBC72978A1AE002E92A0 /* PlayerViewModel.swift in Sources */ = {isa = PBXBuildFile; fileRef = FABCEBC62978A1AE002E92A0 /* PlayerViewModel.swift */; };
		FAC67BF32975F2F600D22F4D /* SUIApp.swift in Sources */ = {isa = PBXBuildFile; fileRef = FAC67BF22975F2F600D22F4D /* SUIApp.swift */; };
		FAC67BF52975F2F600D22F4D /* ContentView.swift in Sources */ = {isa = PBXBuildFile; fileRef = FAC67BF42975F2F600D22F4D /* ContentView.swift */; };
		FAC67BF72975F2F700D22F4D /* Assets.xcassets in Resources */ = {isa = PBXBuildFile; fileRef = FAC67BF62975F2F700D22F4D /* Assets.xcassets */; };
		FAC67BFA2975F2F700D22F4D /* Preview Assets.xcassets in Resources */ = {isa = PBXBuildFile; fileRef = FAC67BF92975F2F700D22F4D /* Preview Assets.xcassets */; };
/* End PBXBuildFile section */

/* Begin PBXFileReference section */
		FABCEBC0297864E8002E92A0 /* gori.mp3 */ = {isa = PBXFileReference; lastKnownFileType = audio.mp3; path = gori.mp3; sourceTree = "<group>"; };
		FABCEBC229788068002E92A0 /* dymd.mp3 */ = {isa = PBXFileReference; lastKnownFileType = audio.mp3; path = dymd.mp3; sourceTree = "<group>"; };
		FABCEBC429788095002E92A0 /* newYear.mp3 */ = {isa = PBXFileReference; lastKnownFileType = audio.mp3; path = newYear.mp3; sourceTree = "<group>"; };
		FABCEBC62978A1AE002E92A0 /* PlayerViewModel.swift */ = {isa = PBXFileReference; lastKnownFileType = sourcecode.swift; path = PlayerViewModel.swift; sourceTree = "<group>"; };
		FAC67BEF2975F2F600D22F4D /* SUI.app */ = {isa = PBXFileReference; explicitFileType = wrapper.application; includeInIndex = 0; path = SUI.app; sourceTree = BUILT_PRODUCTS_DIR; };
		FAC67BF22975F2F600D22F4D /* SUIApp.swift */ = {isa = PBXFileReference; lastKnownFileType = sourcecode.swift; path = SUIApp.swift; sourceTree = "<group>"; };
		FAC67BF42975F2F600D22F4D /* ContentView.swift */ = {isa = PBXFileReference; lastKnownFileType = sourcecode.swift; path = ContentView.swift; sourceTree = "<group>"; };
		FAC67BF62975F2F700D22F4D /* Assets.xcassets */ = {isa = PBXFileReference; lastKnownFileType = folder.assetcatalog; path = Assets.xcassets; sourceTree = "<group>"; };
		FAC67BF92975F2F700D22F4D /* Preview Assets.xcassets */ = {isa = PBXFileReference; lastKnownFileType = folder.assetcatalog; path = "Preview Assets.xcassets"; sourceTree = "<group>"; };
/* End PBXFileReference section */

/* Begin PBXFrameworksBuildPhase section */
		FAC67BEC2975F2F600D22F4D /* Frameworks */ = {
			isa = PBXFrameworksBuildPhase;
			buildActionMask = 2147483647;
			files = (
			);
			runOnlyForDeploymentPostprocessing = 0;
		};
/* End PBXFrameworksBuildPhase section */

/* Begin PBXGroup section */
		FAC67BE62975F2F600D22F4D = {
			isa = PBXGroup;
			children = (
				FAC67BF12975F2F600D22F4D /* SUI */,
				FAC67BF02975F2F600D22F4D /* Products */,
			);
			sourceTree = "<group>";
		};
		FAC67BF02975F2F600D22F4D /* Products */ = {
			isa = PBXGroup;
			children = (
				FAC67BEF2975F2F600D22F4D /* SUI.app */,
			);
			name = Products;
			sourceTree = "<group>";
		};
		FAC67BF12975F2F600D22F4D /* SUI */ = {
			isa = PBXGroup;
			children = (
				FAC67BF22975F2F600D22F4D /* SUIApp.swift */,
				FAC67BF42975F2F600D22F4D /* ContentView.swift */,
				FABCEBC62978A1AE002E92A0 /* PlayerViewModel.swift */,
				FABCEBC0297864E8002E92A0 /* gori.mp3 */,
				FABCEBC429788095002E92A0 /* newYear.mp3 */,
				FABCEBC229788068002E92A0 /* dymd.mp3 */,
				FAC67BF62975F2F700D22F4D /* Assets.xcassets */,
				FAC67BF82975F2F700D22F4D /* Preview Content */,
			);
			path = SUI;
			sourceTree = "<group>";
		};
		FAC67BF82975F2F700D22F4D /* Preview Content */ = {
			isa = PBXGroup;
			children = (
				FAC67BF92975F2F700D22F4D /* Preview Assets.xcassets */,
			);
			path = "Preview Content";
			sourceTree = "<group>";
		};
/* End PBXGroup section */

/* Begin PBXNativeTarget section */
		FAC67BEE2975F2F600D22F4D /* SUI */ = {
			isa = PBXNativeTarget;
			buildConfigurationList = FAC67BFD2975F2F700D22F4D /* Build configuration list for PBXNativeTarget "SUI" */;
			buildPhases = (
				FAC67BEB2975F2F600D22F4D /* Sources */,
				FAC67BEC2975F2F600D22F4D /* Frameworks */,
				FAC67BED2975F2F600D22F4D /* Resources */,
			);
			buildRules = (
			);
			dependencies = (
			);
			name = SUI;
			productName = SUI;
			productReference = FAC67BEF2975F2F600D22F4D /* SUI.app */;
			productType = "com.apple.product-type.application";
		};
/* End PBXNativeTarget section */

/* Begin PBXProject section */
		FAC67BE72975F2F600D22F4D /* Project object */ = {
			isa = PBXProject;
			attributes = {
				BuildIndependentTargetsInParallel = 1;
				LastSwiftUpdateCheck = 1340;
				LastUpgradeCheck = 1340;
				TargetAttributes = {
					FAC67BEE2975F2F600D22F4D = {
						CreatedOnToolsVersion = 13.4.1;
					};
				};
			};
			buildConfigurationList = FAC67BEA2975F2F600D22F4D /* Build configuration list for PBXProject "SUI" */;
			compatibilityVersion = "Xcode 13.0";
			developmentRegion = en;
			hasScannedForEncodings = 0;
			knownRegions = (
				en,
				Base,
			);
			mainGroup = FAC67BE62975F2F600D22F4D;
			productRefGroup = FAC67BF02975F2F600D22F4D /* Products */;
			projectDirPath = "";
			projectRoot = "";
			targets = (
				FAC67BEE2975F2F600D22F4D /* SUI */,
			);
		};
/* End PBXProject section */

/* Begin PBXResourcesBuildPhase section */
		FAC67BED2975F2F600D22F4D /* Resources */ = {
			isa = PBXResourcesBuildPhase;
			buildActionMask = 2147483647;
			files = (
				FABCEBC329788068002E92A0 /* dymd.mp3 in Resources */,
				FAC67BFA2975F2F700D22F4D /* Preview Assets.xcassets in Resources */,
				FAC67BF72975F2F700D22F4D /* Assets.xcassets in Resources */,
				FABCEBC529788095002E92A0 /* newYear.mp3 in Resources */,
				FABCEBC1297864E8002E92A0 /* gori.mp3 in Resources */,
			);
			runOnlyForDeploymentPostprocessing = 0;
		};
/* End PBXResourcesBuildPhase section */

/* Begin PBXSourcesBuildPhase section */
		FAC67BEB2975F2F600D22F4D /* Sources */ = {
			isa = PBXSourcesBuildPhase;
			buildActionMask = 2147483647;
			files = (
				FABCEBC72978A1AE002E92A0 /* PlayerViewModel.swift in Sources */,
				FAC67BF52975F2F600D22F4D /* ContentView.swift in Sources */,
				FAC67BF32975F2F600D22F4D /* SUIApp.swift in Sources */,
			);
			runOnlyForDeploymentPostprocessing = 0;
		};
/* End PBXSourcesBuildPhase section */

/* Begin XCBuildConfiguration section */
		FAC67BFB2975F2F700D22F4D /* Debug */ = {
			isa = XCBuildConfiguration;
			buildSettings = {
				ALWAYS_SEARCH_USER_PATHS = NO;
				CLANG_ANALYZER_NONNULL = YES;
				CLANG_ANALYZER_NUMBER_OBJECT_CONVERSION = YES_AGGRESSIVE;
				CLANG_CXX_LANGUAGE_STANDARD = "gnu++17";
				CLANG_ENABLE_MODULES = YES;
				CLANG_ENABLE_OBJC_ARC = YES;
				CLANG_ENABLE_OBJC_WEAK = YES;
				CLANG_WARN_BLOCK_CAPTURE_AUTORELEASING = YES;
				CLANG_WARN_BOOL_CONVERSION = YES;
				CLANG_WARN_COMMA = YES;
				CLANG_WARN_CONSTANT_CONVERSION = YES;
				CLANG_WARN_DEPRECATED_OBJC_IMPLEMENTATIONS = YES;
				CLANG_WARN_DIRECT_OBJC_ISA_USAGE = YES_ERROR;
				CLANG_WARN_DOCUMENTATION_COMMENTS = YES;
				CLANG_WARN_EMPTY_BODY = YES;
				CLANG_WARN_ENUM_CONVERSION = YES;
				CLANG_WARN_INFINITE_RECURSION = YES;
				CLANG_WARN_INT_CONVERSION = YES;
				CLANG_WARN_NON_LITERAL_NULL_CONVERSION = YES;
				CLANG_WARN_OBJC_IMPLICIT_RETAIN_SELF = YES;
				CLANG_WARN_OBJC_LITERAL_CONVERSION = YES;
				CLANG_WARN_OBJC_ROOT_CLASS = YES_ERROR;
				CLANG_WARN_QUOTED_INCLUDE_IN_FRAMEWORK_HEADER = YES;
				CLANG_WARN_RANGE_LOOP_ANALYSIS = YES;
				CLANG_WARN_STRICT_PROTOTYPES = YES;
				CLANG_WARN_SUSPICIOUS_MOVE = YES;
				CLANG_WARN_UNGUARDED_AVAILABILITY = YES_AGGRESSIVE;
				CLANG_WARN_UNREACHABLE_CODE = YES;
				CLANG_WARN__DUPLICATE_METHOD_MATCH = YES;
				COPY_PHASE_STRIP = NO;
				DEBUG_INFORMATION_FORMAT = dwarf;
				ENABLE_STRICT_OBJC_MSGSEND = YES;
				ENABLE_TESTABILITY = YES;
				GCC_C_LANGUAGE_STANDARD = gnu11;
				GCC_DYNAMIC_NO_PIC = NO;
				GCC_NO_COMMON_BLOCKS = YES;
				GCC_OPTIMIZATION_LEVEL = 0;
				GCC_PREPROCESSOR_DEFINITIONS = (
					"DEBUG=1",
					"$(inherited)",
				);
				GCC_WARN_64_TO_32_BIT_CONVERSION = YES;
				GCC_WARN_ABOUT_RETURN_TYPE = YES_ERROR;
				GCC_WARN_UNDECLARED_SELECTOR = YES;
				GCC_WARN_UNINITIALIZED_AUTOS = YES_AGGRESSIVE;
				GCC_WARN_UNUSED_FUNCTION = YES;
				GCC_WARN_UNUSED_VARIABLE = YES;
				IPHONEOS_DEPLOYMENT_TARGET = 15.5;
				MTL_ENABLE_DEBUG_INFO = INCLUDE_SOURCE;
				MTL_FAST_MATH = YES;
				ONLY_ACTIVE_ARCH = YES;
				SDKROOT = iphoneos;
				SWIFT_ACTIVE_COMPILATION_CONDITIONS = DEBUG;
				SWIFT_OPTIMIZATION_LEVEL = "-Onone";
			};
			name = Debug;
		};
		FAC67BFC2975F2F700D22F4D /* Release */ = {
			isa = XCBuildConfiguration;
			buildSettings = {
				ALWAYS_SEARCH_USER_PATHS = NO;
				CLANG_ANALYZER_NONNULL = YES;
				CLANG_ANALYZER_NUMBER_OBJECT_CONVERSION = YES_AGGRESSIVE;
				CLANG_CXX_LANGUAGE_STANDARD = "gnu++17";
				CLANG_ENABLE_MODULES = YES;
				CLANG_ENABLE_OBJC_ARC = YES;
				CLANG_ENABLE_OBJC_WEAK = YES;
				CLANG_WARN_BLOCK_CAPTURE_AUTORELEASING = YES;
				CLANG_WARN_BOOL_CONVERSION = YES;
				CLANG_WARN_COMMA = YES;
				CLANG_WARN_CONSTANT_CONVERSION = YES;
				CLANG_WARN_DEPRECATED_OBJC_IMPLEMENTATIONS = YES;
				CLANG_WARN_DIRECT_OBJC_ISA_USAGE = YES_ERROR;
				CLANG_WARN_DOCUMENTATION_COMMENTS = YES;
				CLANG_WARN_EMPTY_BODY = YES;
				CLANG_WARN_ENUM_CONVERSION = YES;
				CLANG_WARN_INFINITE_RECURSION = YES;
				CLANG_WARN_INT_CONVERSION = YES;
				CLANG_WARN_NON_LITERAL_NULL_CONVERSION = YES;
				CLANG_WARN_OBJC_IMPLICIT_RETAIN_SELF = YES;
				CLANG_WARN_OBJC_LITERAL_CONVERSION = YES;
				CLANG_WARN_OBJC_ROOT_CLASS = YES_ERROR;
				CLANG_WARN_QUOTED_INCLUDE_IN_FRAMEWORK_HEADER = YES;
				CLANG_WARN_RANGE_LOOP_ANALYSIS = YES;
				CLANG_WARN_STRICT_PROTOTYPES = YES;
				CLANG_WARN_SUSPICIOUS_MOVE = YES;
				CLANG_WARN_UNGUARDED_AVAILABILITY = YES_AGGRESSIVE;
				CLANG_WARN_UNREACHABLE_CODE = YES;
				CLANG_WARN__DUPLICATE_METHOD_MATCH = YES;
				COPY_PHASE_STRIP = NO;
				DEBUG_INFORMATION_FORMAT = "dwarf-with-dsym";
				ENABLE_NS_ASSERTIONS = NO;
				ENABLE_STRICT_OBJC_MSGSEND = YES;
				GCC_C_LANGUAGE_STANDARD = gnu11;
				GCC_NO_COMMON_BLOCKS = YES;
				GCC_WARN_64_TO_32_BIT_CONVERSION = YES;
				GCC_WARN_ABOUT_RETURN_TYPE = YES_ERROR;
				GCC_WARN_UNDECLARED_SELECTOR = YES;
				GCC_WARN_UNINITIALIZED_AUTOS = YES_AGGRESSIVE;
				GCC_WARN_UNUSED_FUNCTION = YES;
				GCC_WARN_UNUSED_VARIABLE = YES;
				IPHONEOS_DEPLOYMENT_TARGET = 15.5;
				MTL_ENABLE_DEBUG_INFO = NO;
				MTL_FAST_MATH = YES;
				SDKROOT = iphoneos;
				SWIFT_COMPILATION_MODE = wholemodule;
				SWIFT_OPTIMIZATION_LEVEL = "-O";
				VALIDATE_PRODUCT = YES;
			};
			name = Release;
		};
		FAC67BFE2975F2F700D22F4D /* Debug */ = {
			isa = XCBuildConfiguration;
			buildSettings = {
				ASSETCATALOG_COMPILER_APPICON_NAME = AppIcon;
				ASSETCATALOG_COMPILER_GLOBAL_ACCENT_COLOR_NAME = AccentColor;
				CODE_SIGN_STYLE = Automatic;
				CURRENT_PROJECT_VERSION = 1;
				DEVELOPMENT_ASSET_PATHS = "\"SUI/Preview Content\"";
				DEVELOPMENT_TEAM = CQZ4W374Y4;
				ENABLE_PREVIEWS = YES;
				GENERATE_INFOPLIST_FILE = YES;
				INFOPLIST_KEY_UIApplicationSceneManifest_Generation = YES;
				INFOPLIST_KEY_UIApplicationSupportsIndirectInputEvents = YES;
				INFOPLIST_KEY_UILaunchScreen_Generation = YES;
				INFOPLIST_KEY_UISupportedInterfaceOrientations_iPad = "UIInterfaceOrientationPortrait UIInterfaceOrientationPortraitUpsideDown UIInterfaceOrientationLandscapeLeft UIInterfaceOrientationLandscapeRight";
				INFOPLIST_KEY_UISupportedInterfaceOrientations_iPhone = "UIInterfaceOrientationPortrait UIInterfaceOrientationLandscapeLeft UIInterfaceOrientationLandscapeRight";
				LD_RUNPATH_SEARCH_PATHS = (
					"$(inherited)",
					"@executable_path/Frameworks",
				);
				MARKETING_VERSION = 1.0;
				PRODUCT_BUNDLE_IDENTIFIER = ru.SUI;
				PRODUCT_NAME = "$(TARGET_NAME)";
				SWIFT_EMIT_LOC_STRINGS = YES;
				SWIFT_VERSION = 5.0;
				TARGETED_DEVICE_FAMILY = "1,2";
			};
			name = Debug;
		};
		FAC67BFF2975F2F700D22F4D /* Release */ = {
			isa = XCBuildConfiguration;
			buildSettings = {
				ASSETCATALOG_COMPILER_APPICON_NAME = AppIcon;
				ASSETCATALOG_COMPILER_GLOBAL_ACCENT_COLOR_NAME = AccentColor;
				CODE_SIGN_STYLE = Automatic;
				CURRENT_PROJECT_VERSION = 1;
				DEVELOPMENT_ASSET_PATHS = "\"SUI/Preview Content\"";
				DEVELOPMENT_TEAM = CQZ4W374Y4;
				ENABLE_PREVIEWS = YES;
				GENERATE_INFOPLIST_FILE = YES;
				INFOPLIST_KEY_UIApplicationSceneManifest_Generation = YES;
				INFOPLIST_KEY_UIApplicationSupportsIndirectInputEvents = YES;
				INFOPLIST_KEY_UILaunchScreen_Generation = YES;
				INFOPLIST_KEY_UISupportedInterfaceOrientations_iPad = "UIInterfaceOrientationPortrait UIInterfaceOrientationPortraitUpsideDown UIInterfaceOrientationLandscapeLeft UIInterfaceOrientationLandscapeRight";
				INFOPLIST_KEY_UISupportedInterfaceOrientations_iPhone = "UIInterfaceOrientationPortrait UIInterfaceOrientationLandscapeLeft UIInterfaceOrientationLandscapeRight";
				LD_RUNPATH_SEARCH_PATHS = (
					"$(inherited)",
					"@executable_path/Frameworks",
				);
				MARKETING_VERSION = 1.0;
				PRODUCT_BUNDLE_IDENTIFIER = ru.SUI;
				PRODUCT_NAME = "$(TARGET_NAME)";
				SWIFT_EMIT_LOC_STRINGS = YES;
				SWIFT_VERSION = 5.0;
				TARGETED_DEVICE_FAMILY = "1,2";
			};
			name = Release;
		};
/* End XCBuildConfiguration section */

/* Begin XCConfigurationList section */
		FAC67BEA2975F2F600D22F4D /* Build configuration list for PBXProject "SUI" */ = {
			isa = XCConfigurationList;
			buildConfigurations = (
				FAC67BFB2975F2F700D22F4D /* Debug */,
				FAC67BFC2975F2F700D22F4D /* Release */,
			);
			defaultConfigurationIsVisible = 0;
			defaultConfigurationName = Release;
		};
		FAC67BFD2975F2F700D22F4D /* Build configuration list for PBXNativeTarget "SUI" */ = {
			isa = XCConfigurationList;
			buildConfigurations = (
				FAC67BFE2975F2F700D22F4D /* Debug */,
				FAC67BFF2975F2F700D22F4D /* Release */,
			);
			defaultConfigurationIsVisible = 0;
			defaultConfigurationName = Release;
		};
/* End XCConfigurationList section */
	};
	rootObject = FAC67BE72975F2F600D22F4D /* Project object */;
}
